
Microsoft Visual Studio Solution File, Format Version 12.00
# Visual Studio 15
VisualStudioVersion = 15.0.27703.2035
MinimumVisualStudioVersion = 10.0.40219.1
Project("{9A19103F-16F7-4668-BE54-9A1E7A4F7556}") = "YouLearn.Domain", "YouLearn.Domain\YouLearn.Domain.csproj", "{3E48D79E-BB83-4500-8EB9-9E39EF09FA41}"
EndProject
Project("{9A19103F-16F7-4668-BE54-9A1E7A4F7556}") = "YouLearn.Tests", "YouLearn.Tests\YouLearn.Tests.csproj", "{BA8EE074-4B77-433F-99A4-340484D41527}"
EndProject
Project("{9A19103F-16F7-4668-BE54-9A1E7A4F7556}") = "YouLearn.Infra", "YouLearn.Infra\YouLearn.Infra.csproj", "{EE8D18E9-109E-49A6-9294-49B2329E6A6B}"
EndProject
Project("{9A19103F-16F7-4668-BE54-9A1E7A4F7556}") = "YouLearn.Shared", "YouLearn.Shared\YouLearn.Shared.csproj", "{F2DD56FE-5004-439A-B6E2-302CA0C7F16E}"
EndProject
Project("{FAE04EC0-301F-11D3-BF4B-00C04F79EFBC}") = "YouLearn.Api", "YouLearn.Api\YouLearn.Api.csproj", "{13BC95AD-B1B6-4192-9687-5B068E55B36F}"
EndProject
Global
	GlobalSection(SolutionConfigurationPlatforms) = preSolution
		Debug|Any CPU = Debug|Any CPU
		Release|Any CPU = Release|Any CPU
	EndGlobalSection
	GlobalSection(ProjectConfigurationPlatforms) = postSolution
		{3E48D79E-BB83-4500-8EB9-9E39EF09FA41}.Debug|Any CPU.ActiveCfg = Debug|Any CPU
		{3E48D79E-BB83-4500-8EB9-9E39EF09FA41}.Debug|Any CPU.Build.0 = Debug|Any CPU
		{3E48D79E-BB83-4500-8EB9-9E39EF09FA41}.Release|Any CPU.ActiveCfg = Release|Any CPU
		{3E48D79E-BB83-4500-8EB9-9E39EF09FA41}.Release|Any CPU.Build.0 = Release|Any CPU
		{BA8EE074-4B77-433F-99A4-340484D41527}.Debug|Any CPU.ActiveCfg = Debug|Any CPU
		{BA8EE074-4B77-433F-99A4-340484D41527}.Debug|Any CPU.Build.0 = Debug|Any CPU
		{BA8EE074-4B77-433F-99A4-340484D41527}.Release|Any CPU.ActiveCfg = Release|Any CPU
		{BA8EE074-4B77-433F-99A4-340484D41527}.Release|Any CPU.Build.0 = Release|Any CPU
		{EE8D18E9-109E-49A6-9294-49B2329E6A6B}.Debug|Any CPU.ActiveCfg = Debug|Any CPU
		{EE8D18E9-109E-49A6-9294-49B2329E6A6B}.Debug|Any CPU.Build.0 = Debug|Any CPU
		{EE8D18E9-109E-49A6-9294-49B2329E6A6B}.Release|Any CPU.ActiveCfg = Release|Any CPU
		{EE8D18E9-109E-49A6-9294-49B2329E6A6B}.Release|Any CPU.Build.0 = Release|Any CPU
		{F2DD56FE-5004-439A-B6E2-302CA0C7F16E}.Debug|Any CPU.ActiveCfg = Debug|Any CPU
		{F2DD56FE-5004-439A-B6E2-302CA0C7F16E}.Debug|Any CPU.Build.0 = Debug|Any CPU
		{F2DD56FE-5004-439A-B6E2-302CA0C7F16E}.Release|Any CPU.ActiveCfg = Release|Any CPU
		{F2DD56FE-5004-439A-B6E2-302CA0C7F16E}.Release|Any CPU.Build.0 = Release|Any CPU
		{13BC95AD-B1B6-4192-9687-5B068E55B36F}.Debug|Any CPU.ActiveCfg = Debug|Any CPU
		{13BC95AD-B1B6-4192-9687-5B068E55B36F}.Debug|Any CPU.Build.0 = Debug|Any CPU
		{13BC95AD-B1B6-4192-9687-5B068E55B36F}.Release|Any CPU.ActiveCfg = Release|Any CPU
		{13BC95AD-B1B6-4192-9687-5B068E55B36F}.Release|Any CPU.Build.0 = Release|Any CPU
	EndGlobalSection
	GlobalSection(SolutionProperties) = preSolution
		HideSolutionNode = FALSE
	EndGlobalSection
	GlobalSection(ExtensibilityGlobals) = postSolution
		SolutionGuid = {2B33B09C-1913-4F9E-BC3E-6C76583B49A9}
	EndGlobalSection
EndGlobal
